
Microsoft Visual Studio Solution File, Format Version 12.00
# Visual Studio Version 16
VisualStudioVersion = 16.0.30523.141
MinimumVisualStudioVersion = 10.0.40219.1
Project("{FAE04EC0-301F-11D3-BF4B-00C04F79EFBC}") = "wing_page", "wing_page\wing_page.csproj", "{EE424478-7774-4213-8B22-983AC8034713}"
EndProject
Global
	GlobalSection(SolutionConfigurationPlatforms) = preSolution
		Debug|Any CPU = Debug|Any CPU
		Release|Any CPU = Release|Any CPU
	EndGlobalSection
	GlobalSection(ProjectConfigurationPlatforms) = postSolution
		{EE424478-7774-4213-8B22-983AC8034713}.Debug|Any CPU.ActiveCfg = Debug|Any CPU
		{EE424478-7774-4213-8B22-983AC8034713}.Debug|Any CPU.Build.0 = Debug|Any CPU
		{EE424478-7774-4213-8B22-983AC8034713}.Release|Any CPU.ActiveCfg = Release|Any CPU
		{EE424478-7774-4213-8B22-983AC8034713}.Release|Any CPU.Build.0 = Release|Any CPU
	EndGlobalSection
	GlobalSection(SolutionProperties) = preSolution
		HideSolutionNode = FALSE
	EndGlobalSection
	GlobalSection(ExtensibilityGlobals) = postSolution
		SolutionGuid = {235119E5-8663-4173-AF36-30F0EACE20F6}
	EndGlobalSection
EndGlobal
